
Microsoft Visual Studio Solution File, Format Version 12.00
# Visual Studio Version 17
VisualStudioVersion = 17.4.33027.239
MinimumVisualStudioVersion = 10.0.40219.1
Project("{9A19103F-16F7-4668-BE54-9A1E7A4F7556}") = "LibConeshell", "LibConeshell\LibConeshell.csproj", "{302207BF-97CF-4ACA-9F1F-0BDCA08CBD4D}"
EndProject
Project("{9A19103F-16F7-4668-BE54-9A1E7A4F7556}") = "LibConeshell.Test", "LibConeshell.Test\LibConeshell.Test.csproj", "{7C05D927-F5F3-4AC2-ABDC-97DF4CAE76F4}"
EndProject
Global
	GlobalSection(SolutionConfigurationPlatforms) = preSolution
		Debug|Any CPU = Debug|Any CPU
		Release|Any CPU = Release|Any CPU
	EndGlobalSection
	GlobalSection(ProjectConfigurationPlatforms) = postSolution
		{302207BF-97CF-4ACA-9F1F-0BDCA08CBD4D}.Debug|Any CPU.ActiveCfg = Debug|Any CPU
		{302207BF-97CF-4ACA-9F1F-0BDCA08CBD4D}.Debug|Any CPU.Build.0 = Debug|Any CPU
		{302207BF-97CF-4ACA-9F1F-0BDCA08CBD4D}.Release|Any CPU.ActiveCfg = Release|Any CPU
		{302207BF-97CF-4ACA-9F1F-0BDCA08CBD4D}.Release|Any CPU.Build.0 = Release|Any CPU
		{7C05D927-F5F3-4AC2-ABDC-97DF4CAE76F4}.Debug|Any CPU.ActiveCfg = Debug|Any CPU
		{7C05D927-F5F3-4AC2-ABDC-97DF4CAE76F4}.Debug|Any CPU.Build.0 = Debug|Any CPU
		{7C05D927-F5F3-4AC2-ABDC-97DF4CAE76F4}.Release|Any CPU.ActiveCfg = Release|Any CPU
		{7C05D927-F5F3-4AC2-ABDC-97DF4CAE76F4}.Release|Any CPU.Build.0 = Release|Any CPU
	EndGlobalSection
	GlobalSection(SolutionProperties) = preSolution
		HideSolutionNode = FALSE
	EndGlobalSection
	GlobalSection(ExtensibilityGlobals) = postSolution
		SolutionGuid = {33DB790D-B075-48D1-B439-C5DA5DBF2421}
	EndGlobalSection
EndGlobal
